version = 1
revision = 2
requires-python = ">=3.8.1, <4"
resolution-markers = [
    "python_full_version >= '3.10'",
    "python_full_version < '3.10'",
]

[[package]]
name = "bitstruct"
version = "8.19.0"
source = { registry = "https://pypi.org/simple" }
sdist = { url = "https://files.pythonhosted.org/packages/24/54/784b5536bf49d6a3387b16e798dce45e9296ea1c331bf48e241dc7dabacd/bitstruct-8.19.0.tar.gz", hash = "sha256:d75ba9dded85c17e885a209a00eb8e248ee40762149f2f2a79360ca857467dac", size = 35631, upload-time = "2023-10-31T16:46:17.88Z" }
wheels = [
    { url = "https://files.pythonhosted.org/packages/7c/d4/86454b1c8e8c0b8a60c0ec2682dc0b768c145dfcdd4ba9b7962ce1f2f21e/bitstruct-8.19.0-cp310-cp310-macosx_10_9_x86_64.whl", hash = "sha256:7d1f3eb18ddc33ba73f5cbb55c885584bcec51c421ac3551b79edc0ffeaecc3d", size = 38004, upload-time = "2023-10-31T16:45:01.468Z" },
    { url = "https://files.pythonhosted.org/packages/a0/85/33abf995bcbc39c7d6f6739fcaec35756b2e334fc364345a7b273fcc11fa/bitstruct-8.19.0-cp310-cp310-manylinux_2_17_x86_64.manylinux2014_x86_64.whl", hash = "sha256:a35e0b267d12438e6a7b28850a15d4cffe767db6fc443a406d0ead97fa1d7d5b", size = 81170, upload-time = "2023-10-31T16:45:04.788Z" },
    { url = "https://files.pythonhosted.org/packages/5e/7a/31f0ba17fcf0f049c9fe535c699468b9bdcb0d4c97a8f7a7b64d8d166263/bitstruct-8.19.0-cp310-cp310-manylinux_2_5_i686.manylinux1_i686.manylinux_2_17_i686.manylinux2014_i686.whl", hash = "sha256:5732aff5c8eb3a572f7b20d09fc4c213215f9e60c0e66f2910b31eb65b457744", size = 75680, upload-time = "2023-10-31T16:45:08.452Z" },
    { url = "https://files.pythonhosted.org/packages/8c/c2/2cc44e2c6ecf6e1e6e9cb15147c403916eae71e3b3fb44093d20fc1d6e0c/bitstruct-8.19.0-cp310-cp310-musllinux_1_1_i686.whl", hash = "sha256:bc8f1871b42b705eb34b8722c3ec358fbf1b97fd37a62693564ee72648afb100", size = 80969, upload-time = "2023-10-31T16:45:10.682Z" },
    { url = "https://files.pythonhosted.org/packages/52/b3/8dd3a8070bf425351fcf9dbe0b5171fba9599ee74377b511a1f6bd6318f6/bitstruct-8.19.0-cp310-cp310-musllinux_1_1_x86_64.whl", hash = "sha256:01bdfc3adbe15b05ba27ab6dce7959caa29a000f066201944b29c64bb8888f03", size = 85751, upload-time = "2023-10-31T16:45:12.916Z" },
    { url = "https://files.pythonhosted.org/packages/c5/81/437bf54ec49afefbda05912eb762c0647de3b3c35ee96b900883245fbe41/bitstruct-8.19.0-cp310-cp310-win32.whl", hash = "sha256:961845a29333119b70dd9aab54bc714bf9ba5efefc55cb4c747c35c1390b8842", size = 34530, upload-time = "2023-10-31T16:45:15.811Z" },
    { url = "https://files.pythonhosted.org/packages/8f/22/f08be68a645274d2f92c438b78128d1abbf5ee0c7d5b56ac8dcc4b985733/bitstruct-8.19.0-cp310-cp310-win_amd64.whl", hash = "sha256:9fbe12d464db909f58d5e2a2485b3047a488fa1373e8f74b22d6759ee6b2437a", size = 36651, upload-time = "2023-10-31T16:45:17.557Z" },
    { url = "https://files.pythonhosted.org/packages/e5/0f/61424d9e8d8906f58db067ec4ef3a5178c3ba127bfa67dbf0a7130f89a5b/bitstruct-8.19.0-cp311-cp311-macosx_10_9_x86_64.whl", hash = "sha256:1300cd635814e40b1f4105aa4f404cb5d1b8cc54e06e267ba1616725f9c2beea", size = 37830, upload-time = "2023-10-31T16:45:19.02Z" },
    { url = "https://files.pythonhosted.org/packages/62/ca/c4eb1db98675148fa0bbc7536fb1e61badf2007c2be3cb8506fdafc144fe/bitstruct-8.19.0-cp311-cp311-manylinux_2_17_x86_64.manylinux2014_x86_64.whl", hash = "sha256:0e2fb23b5973ce1e9f349c4dc90873eeff9800fe917ffd345f39b9b964f6d119", size = 82890, upload-time = "2023-10-31T16:45:20.88Z" },
    { url = "https://files.pythonhosted.org/packages/22/e6/9d6ba22775d2e32bc8f8388ccb54139eb77bcb7ed262cf17becd8e1c0009/bitstruct-8.19.0-cp311-cp311-manylinux_2_5_i686.manylinux1_i686.manylinux_2_17_i686.manylinux2014_i686.whl", hash = "sha256:59e0c18d557474d8452c4f8b59320fd4d9efcf52eae2144bdf317d25c64dcf85", size = 77609, upload-time = "2023-10-31T16:45:23.537Z" },
    { url = "https://files.pythonhosted.org/packages/35/ce/9e6dd1391bf55721060d1b7b1cbff1a1795c264730464574c73da0aabe63/bitstruct-8.19.0-cp311-cp311-musllinux_1_1_i686.whl", hash = "sha256:bba06607f956cc39ceee19fd11b542e8e66a43180d48fa36c4609443893c273e", size = 83373, upload-time = "2023-10-31T16:45:25.991Z" },
    { url = "https://files.pythonhosted.org/packages/34/74/8bf01c59e76e8e10afef33825621a556a276061cc78f2580164cedff0620/bitstruct-8.19.0-cp311-cp311-musllinux_1_1_x86_64.whl", hash = "sha256:f2fa607d111077145e6374d49be6098f33e7cee0967b42cfc117df53eee13332", size = 88245, upload-time = "2023-10-31T16:45:27.579Z" },
    { url = "https://files.pythonhosted.org/packages/fe/87/7fe7959a67550b8b527e2d2c31ab8a68051d36dbe026833007632fea75dc/bitstruct-8.19.0-cp311-cp311-win32.whl", hash = "sha256:abdb7bdb5b04c2f1bbda0eae828c627252243ddc042aea6b72af8fcc63696598", size = 34533, upload-time = "2023-10-31T16:45:29.421Z" },
    { url = "https://files.pythonhosted.org/packages/a4/bb/cc959286827df37b71ec47d77a32cbc4c19bca9f4fff4ed77879202da74d/bitstruct-8.19.0-cp311-cp311-win_amd64.whl", hash = "sha256:464f102999402a2624ee3106dbfa1f3745810036814a33e6bc706b7d312c480f", size = 36645, upload-time = "2023-10-31T16:45:30.91Z" },
    { url = "https://files.pythonhosted.org/packages/ef/4b/0789b8a48a27a86bc64ba1b577829a95f2b0c9fa2fd24461fcc61c9f99de/bitstruct-8.19.0-cp312-cp312-macosx_10_9_x86_64.whl", hash = "sha256:55768b1f5e33594178f0b3e1596b89d831b006713a60caa09de61fd385bf22b1", size = 37949, upload-time = "2023-10-31T16:45:32.443Z" },
    { url = "https://files.pythonhosted.org/packages/4f/8a/7cf81f9e905e815f7e591dcf3e4014ba28899e51bdcdd664c33862731e1e/bitstruct-8.19.0-cp312-cp312-manylinux_2_17_x86_64.manylinux2014_x86_64.whl", hash = "sha256:c026a7cf8d954ef53cf4d0ae5ee3dd1ac66e24e9a474c5afe55467ab7d609f2e", size = 83797, upload-time = "2023-10-31T16:45:33.939Z" },
    { url = "https://files.pythonhosted.org/packages/d9/3a/0623ebadbaab50df1e83bdd15d171219407bf54c30bdd52762a48ab3b49e/bitstruct-8.19.0-cp312-cp312-manylinux_2_5_i686.manylinux1_i686.manylinux_2_17_i686.manylinux2014_i686.whl", hash = "sha256:7488fd4e2fde3d8111971e2040cd5b008be918381afc80387d3fdf047c801293", size = 78145, upload-time = "2023-10-31T16:45:36.251Z" },
    { url = "https://files.pythonhosted.org/packages/ca/fb/dfafd8724f5ac2ab272b701b62b999db6e5fd8cd922691cce8c05c113027/bitstruct-8.19.0-cp312-cp312-musllinux_1_1_i686.whl", hash = "sha256:45b66e20633f1e083e37fa396c81761e0fc688ffa06ff5559e990e37234f9e18", size = 83837, upload-time = "2023-10-31T16:45:38.135Z" },
    { url = "https://files.pythonhosted.org/packages/a0/56/ee885c29d51be9adaf680a7b98529e9c2835028793331dd3788213683508/bitstruct-8.19.0-cp312-cp312-musllinux_1_1_x86_64.whl", hash = "sha256:9c1542d5ae888ebc31614775938bfd13454f0d897dc2515363a4607efadc990b", size = 89006, upload-time = "2023-10-31T16:45:39.352Z" },
    { url = "https://files.pythonhosted.org/packages/cb/45/e52ee0ace9b5c0e3866bf6c7a7c61ef8d39eef5678a88e34440610058472/bitstruct-8.19.0-cp312-cp312-win32.whl", hash = "sha256:7ea57e4e793b595cd3e037920852f2c676b4f5f1734c41985db3f48783928e2c", size = 34530, upload-time = "2023-10-31T16:45:41.075Z" },
    { url = "https://files.pythonhosted.org/packages/6a/1a/f02f97df42889fe048eb067eb5d222b9de795cf103b40707d412f73430e9/bitstruct-8.19.0-cp312-cp312-win_amd64.whl", hash = "sha256:1c4d9b75248adee84e7e6c95bf95966f152b78363cb20a81920da2aeadc4375f", size = 36672, upload-time = "2023-10-31T16:45:42.893Z" },
    { url = "https://files.pythonhosted.org/packages/e2/2c/b37bc28ccc5d5c784faeafc9c6fb46ff465f039f19daf52a2864fb9e1c7b/bitstruct-8.19.0-cp38-cp38-macosx_10_9_x86_64.whl", hash = "sha256:d3f6e3aeb598215062c505a06135fbdfa3bb4eeb249b55f87e865a86b3fd9e99", size = 38000, upload-time = "2023-10-31T16:45:55.821Z" },
    { url = "https://files.pythonhosted.org/packages/d0/e0/7a195fe21bf1cb4c8739bfe34adbcadcea787e8a45e759303950b5c45a75/bitstruct-8.19.0-cp38-cp38-manylinux_2_17_x86_64.manylinux2014_x86_64.whl", hash = "sha256:df74c72feba80014b05ab6f1e1a0bb90be9f9e7eb60a9bab1e00728f7f46d79d", size = 81064, upload-time = "2023-10-31T16:45:57.218Z" },
    { url = "https://files.pythonhosted.org/packages/d8/52/f99f624b42e47b667ba55c88f031aeb944d2f6554d736747999841311fe5/bitstruct-8.19.0-cp38-cp38-manylinux_2_5_i686.manylinux1_i686.manylinux_2_17_i686.manylinux2014_i686.whl", hash = "sha256:976c39ad771c6773d6fbd14d71e62242d5b3bca7b72428fd183e1f1085d5e858", size = 75693, upload-time = "2023-10-31T16:45:58.847Z" },
    { url = "https://files.pythonhosted.org/packages/cb/be/59970327011cb3329cb0bd1f587f7a5d778288c50ff540d838e39a9b9987/bitstruct-8.19.0-cp38-cp38-musllinux_1_1_i686.whl", hash = "sha256:d2c176ff6727206805760f45c2151468aed843256aa239c14f4730b9e1d84fc7", size = 80533, upload-time = "2023-10-31T16:46:00.203Z" },
    { url = "https://files.pythonhosted.org/packages/56/cd/5a6aad9f6396b8e4ddb3da5f77e8986fd865ede5b1624ccbf39066fdfd20/bitstruct-8.19.0-cp38-cp38-musllinux_1_1_x86_64.whl", hash = "sha256:d7774e2a51e254ef1ba98a1ee38573c819d4ee7e396d5121c5ecae17df927501", size = 85281, upload-time = "2023-10-31T16:46:01.905Z" },
    { url = "https://files.pythonhosted.org/packages/e1/93/e2e91dd212bb2c600291aedbf95767bcb0534037e96aaa014c6ce89ff2a8/bitstruct-8.19.0-cp38-cp38-win32.whl", hash = "sha256:b86d192d658eaf35f10efb2e1940ec755cc28e081f46de294a2e91a74ea298aa", size = 34544, upload-time = "2023-10-31T16:46:03.451Z" },
    { url = "https://files.pythonhosted.org/packages/44/0f/7de460cd327f0d9e11c698f35874efb8ee0e2f7eb160f4e0189cec69041c/bitstruct-8.19.0-cp38-cp38-win_amd64.whl", hash = "sha256:5e7f78aedec2881017026eb7f7ab79514aef09a24afd8acf5fa8c73b1cd0e9f4", size = 36661, upload-time = "2023-10-31T16:46:05.591Z" },
    { url = "https://files.pythonhosted.org/packages/d0/a8/ad6b63a3e0f24d8f3790fe7be91fe1bc74c155f170f994ef48317d53e268/bitstruct-8.19.0-cp39-cp39-macosx_10_9_x86_64.whl", hash = "sha256:2bb49acc2ccc6efd3c9613cae8f7e1316c92f832bff860a6fcb78a4275974e90", size = 37999, upload-time = "2023-10-31T16:46:07.176Z" },
    { url = "https://files.pythonhosted.org/packages/08/fa/f98cca677ce63fadc010add13a664f2fc1c8d3e945c901c65a7247513ff4/bitstruct-8.19.0-cp39-cp39-manylinux_2_17_x86_64.manylinux2014_x86_64.whl", hash = "sha256:7bed7b2761c18a515298145a4f67b6c71ce302453fe7d87ec6b7d2e77fd3c22b", size = 80751, upload-time = "2023-10-31T16:46:08.755Z" },
    { url = "https://files.pythonhosted.org/packages/f0/84/09a7ca32c0bde119ff7e69878331444bafb886cf5b4ce4e2336c9b7b291a/bitstruct-8.19.0-cp39-cp39-manylinux_2_5_i686.manylinux1_i686.manylinux_2_17_i686.manylinux2014_i686.whl", hash = "sha256:8d0cafd2e2974c4bbe349fb67951d43d221ea304218c2ee65f9fe4c62acabc2f", size = 75327, upload-time = "2023-10-31T16:46:10.082Z" },
    { url = "https://files.pythonhosted.org/packages/6f/ec/568aaeb31ba00b4fef09c7e203b8347ae2e919f4946c20fd15219355fbc7/bitstruct-8.19.0-cp39-cp39-musllinux_1_1_i686.whl", hash = "sha256:d9ba0299f624e7c8ea1eec926fc77741f82ffc5b3c3ba4f89303d33d5605f4d8", size = 80513, upload-time = "2023-10-31T16:46:11.981Z" },
    { url = "https://files.pythonhosted.org/packages/79/53/3bb02d6b1709acd432cb560e14fe2941407f94c827794a096cd35a256235/bitstruct-8.19.0-cp39-cp39-musllinux_1_1_x86_64.whl", hash = "sha256:bfa0326057c9b02c4e65e74e45b9914a7f8c59590a8e718e20a899a02b41f2e6", size = 85273, upload-time = "2023-10-31T16:46:13.413Z" },
    { url = "https://files.pythonhosted.org/packages/c4/b0/4ff6c3679021ccb68f914ce86ccab2931f23bf0e2d8614d10409b81bd35d/bitstruct-8.19.0-cp39-cp39-win32.whl", hash = "sha256:14c3ebdec92c486142327d934cb451d96b411543ec6f72aeb2b4b4334e9408bf", size = 34550, upload-time = "2023-10-31T16:46:15.175Z" },
    { url = "https://files.pythonhosted.org/packages/25/b9/9fed29e9c7853364ccb45c838836452c137355bf573112a019c84d7d3a3a/bitstruct-8.19.0-cp39-cp39-win_amd64.whl", hash = "sha256:7836852d5c15444e87a2029f922b48717e6e199d2332d55e8738e92d8590987e", size = 36669, upload-time = "2023-10-31T16:46:16.646Z" },
]

[[package]]
name = "ioctl-opt"
version = "1.3"
source = { registry = "https://pypi.org/simple" }
sdist = { url = "https://files.pythonhosted.org/packages/33/58/4e7c0921c0e92dd18928043ce167952d6201206703ff31c44e3477523362/ioctl-opt-1.3.tar.gz", hash = "sha256:5ed4f9a80d2e02e152a43d3648d7ed8821a0aac5ea88ecc5fcc14460ff7cf2f9", size = 10519, upload-time = "2023-03-28T12:39:16.556Z" }

[[package]]
name = "jinja2"
version = "3.1.4"
source = { registry = "https://pypi.org/simple" }
dependencies = [
    { name = "markupsafe" },
]
sdist = { url = "https://files.pythonhosted.org/packages/ed/55/39036716d19cab0747a5020fc7e907f362fbf48c984b14e62127f7e68e5d/jinja2-3.1.4.tar.gz", hash = "sha256:4a3aee7acbbe7303aede8e9648d13b8bf88a429282aa6122a993f0ac800cb369", size = 240245, upload-time = "2024-05-05T23:42:02.455Z" }
wheels = [
    { url = "https://files.pythonhosted.org/packages/31/80/3a54838c3fb461f6fec263ebf3a3a41771bd05190238de3486aae8540c36/jinja2-3.1.4-py3-none-any.whl", hash = "sha256:bc5dd2abb727a5319567b7a813e6a2e7318c39f4f487cfe6c89c6f9c7d25197d", size = 133271, upload-time = "2024-05-05T23:41:59.928Z" },
]

[[package]]
name = "lark"
version = "1.2.2"
source = { registry = "https://pypi.org/simple" }
sdist = { url = "https://files.pythonhosted.org/packages/af/60/bc7622aefb2aee1c0b4ba23c1446d3e30225c8770b38d7aedbfb65ca9d5a/lark-1.2.2.tar.gz", hash = "sha256:ca807d0162cd16cef15a8feecb862d7319e7a09bdb13aef927968e45040fed80", size = 252132, upload-time = "2024-08-13T19:49:00.652Z" }
wheels = [
    { url = "https://files.pythonhosted.org/packages/2d/00/d90b10b962b4277f5e64a78b6609968859ff86889f5b898c1a778c06ec00/lark-1.2.2-py3-none-any.whl", hash = "sha256:c2276486b02f0f1b90be155f2c8ba4a8e194d42775786db622faccd652d8e80c", size = 111036, upload-time = "2024-08-13T19:48:58.603Z" },
]

[[package]]
name = "ldfparser"
version = "0.25.0"
source = { registry = "https://pypi.org/simple" }
dependencies = [
    { name = "bitstruct" },
    { name = "jinja2" },
    { name = "lark" },
]
sdist = { url = "https://files.pythonhosted.org/packages/93/3a/ed6d13cb1c5e4c6f03084c3ad1236167cdf10dd5546239e594bc3147b9c3/ldfparser-0.25.0.tar.gz", hash = "sha256:268f8435c4b695ac4d2356a0f70e8ebbaa4e3fa3e4ffcbb6ed1ec971a65410f5", size = 28845, upload-time = "2024-04-28T09:25:13.347Z" }
wheels = [
    { url = "https://files.pythonhosted.org/packages/96/4d/fde9fce1e08b19cdc184a678bd09ae2aa5f381939ebf1cc64ab2bfcfb24c/ldfparser-0.25.0-py3-none-any.whl", hash = "sha256:f557083bad5bb7c916c082cbfa3ef725386a25d023c07bee7044e583681fdba9", size = 31978, upload-time = "2024-04-28T09:25:11.502Z" },
]

[[package]]
name = "linkify-it-py"
version = "2.0.3"
source = { registry = "https://pypi.org/simple" }
dependencies = [
    { name = "uc-micro-py" },
]
sdist = { url = "https://files.pythonhosted.org/packages/2a/ae/bb56c6828e4797ba5a4821eec7c43b8bf40f69cda4d4f5f8c8a2810ec96a/linkify-it-py-2.0.3.tar.gz", hash = "sha256:68cda27e162e9215c17d786649d1da0021a451bdc436ef9e0fa0ba5234b9b048", size = 27946, upload-time = "2024-02-04T14:48:04.179Z" }
wheels = [
    { url = "https://files.pythonhosted.org/packages/04/1e/b832de447dee8b582cac175871d2f6c3d5077cc56d5575cadba1fd1cccfa/linkify_it_py-2.0.3-py3-none-any.whl", hash = "sha256:6bcbc417b0ac14323382aef5c5192c0075bf8a9d6b41820a2b66371eac6b6d79", size = 19820, upload-time = "2024-02-04T14:48:02.496Z" },
]

[[package]]
name = "markdown-it-py"
version = "3.0.0"
source = { registry = "https://pypi.org/simple" }
dependencies = [
    { name = "mdurl" },
]
sdist = { url = "https://files.pythonhosted.org/packages/38/71/3b932df36c1a044d397a1f92d1cf91ee0a503d91e470cbd670aa66b07ed0/markdown-it-py-3.0.0.tar.gz", hash = "sha256:e3f60a94fa066dc52ec76661e37c851cb232d92f9886b15cb560aaada2df8feb", size = 74596, upload-time = "2023-06-03T06:41:14.443Z" }
wheels = [
    { url = "https://files.pythonhosted.org/packages/42/d7/1ec15b46af6af88f19b8e5ffea08fa375d433c998b8a7639e76935c14f1f/markdown_it_py-3.0.0-py3-none-any.whl", hash = "sha256:355216845c60bd96232cd8d8c40e8f9765cc86f46880e43a8fd22dc1a1a8cab1", size = 87528, upload-time = "2023-06-03T06:41:11.019Z" },
]

[package.optional-dependencies]
linkify = [
    { name = "linkify-it-py" },
]
plugins = [
    { name = "mdit-py-plugins" },
]

[[package]]
name = "markupsafe"
version = "2.1.5"
source = { registry = "https://pypi.org/simple" }
sdist = { url = "https://files.pythonhosted.org/packages/87/5b/aae44c6655f3801e81aa3eef09dbbf012431987ba564d7231722f68df02d/MarkupSafe-2.1.5.tar.gz", hash = "sha256:d283d37a890ba4c1ae73ffadf8046435c76e7bc2247bbb63c00bd1a709c6544b", size = 19384, upload-time = "2024-02-02T16:31:22.863Z" }
wheels = [
    { url = "https://files.pythonhosted.org/packages/e4/54/ad5eb37bf9d51800010a74e4665425831a9db4e7c4e0fde4352e391e808e/MarkupSafe-2.1.5-cp310-cp310-macosx_10_9_universal2.whl", hash = "sha256:a17a92de5231666cfbe003f0e4b9b3a7ae3afb1ec2845aadc2bacc93ff85febc", size = 18206, upload-time = "2024-02-02T16:30:04.105Z" },
    { url = "https://files.pythonhosted.org/packages/6a/4a/a4d49415e600bacae038c67f9fecc1d5433b9d3c71a4de6f33537b89654c/MarkupSafe-2.1.5-cp310-cp310-macosx_10_9_x86_64.whl", hash = "sha256:72b6be590cc35924b02c78ef34b467da4ba07e4e0f0454a2c5907f473fc50ce5", size = 14079, upload-time = "2024-02-02T16:30:06.5Z" },
    { url = "https://files.pythonhosted.org/packages/0a/7b/85681ae3c33c385b10ac0f8dd025c30af83c78cec1c37a6aa3b55e67f5ec/MarkupSafe-2.1.5-cp310-cp310-manylinux_2_17_aarch64.manylinux2014_aarch64.whl", hash = "sha256:e61659ba32cf2cf1481e575d0462554625196a1f2fc06a1c777d3f48e8865d46", size = 26620, upload-time = "2024-02-02T16:30:08.31Z" },
    { url = "https://files.pythonhosted.org/packages/7c/52/2b1b570f6b8b803cef5ac28fdf78c0da318916c7d2fe9402a84d591b394c/MarkupSafe-2.1.5-cp310-cp310-manylinux_2_17_x86_64.manylinux2014_x86_64.whl", hash = "sha256:2174c595a0d73a3080ca3257b40096db99799265e1c27cc5a610743acd86d62f", size = 25818, upload-time = "2024-02-02T16:30:09.577Z" },
    { url = "https://files.pythonhosted.org/packages/29/fe/a36ba8c7ca55621620b2d7c585313efd10729e63ef81e4e61f52330da781/MarkupSafe-2.1.5-cp310-cp310-manylinux_2_5_i686.manylinux1_i686.manylinux_2_17_i686.manylinux2014_i686.whl", hash = "sha256:ae2ad8ae6ebee9d2d94b17fb62763125f3f374c25618198f40cbb8b525411900", size = 25493, upload-time = "2024-02-02T16:30:11.488Z" },
    { url = "https://files.pythonhosted.org/packages/60/ae/9c60231cdfda003434e8bd27282b1f4e197ad5a710c14bee8bea8a9ca4f0/MarkupSafe-2.1.5-cp310-cp310-musllinux_1_1_aarch64.whl", hash = "sha256:075202fa5b72c86ad32dc7d0b56024ebdbcf2048c0ba09f1cde31bfdd57bcfff", size = 30630, upload-time = "2024-02-02T16:30:13.144Z" },
    { url = "https://files.pythonhosted.org/packages/65/dc/1510be4d179869f5dafe071aecb3f1f41b45d37c02329dfba01ff59e5ac5/MarkupSafe-2.1.5-cp310-cp310-musllinux_1_1_i686.whl", hash = "sha256:598e3276b64aff0e7b3451b72e94fa3c238d452e7ddcd893c3ab324717456bad", size = 29745, upload-time = "2024-02-02T16:30:14.222Z" },
    { url = "https://files.pythonhosted.org/packages/30/39/8d845dd7d0b0613d86e0ef89549bfb5f61ed781f59af45fc96496e897f3a/MarkupSafe-2.1.5-cp310-cp310-musllinux_1_1_x86_64.whl", hash = "sha256:fce659a462a1be54d2ffcacea5e3ba2d74daa74f30f5f143fe0c58636e355fdd", size = 30021, upload-time = "2024-02-02T16:30:16.032Z" },
    { url = "https://files.pythonhosted.org/packages/c7/5c/356a6f62e4f3c5fbf2602b4771376af22a3b16efa74eb8716fb4e328e01e/MarkupSafe-2.1.5-cp310-cp310-win32.whl", hash = "sha256:d9fad5155d72433c921b782e58892377c44bd6252b5af2f67f16b194987338a4", size = 16659, upload-time = "2024-02-02T16:30:17.079Z" },
    { url = "https://files.pythonhosted.org/packages/69/48/acbf292615c65f0604a0c6fc402ce6d8c991276e16c80c46a8f758fbd30c/MarkupSafe-2.1.5-cp310-cp310-win_amd64.whl", hash = "sha256:bf50cd79a75d181c9181df03572cdce0fbb75cc353bc350712073108cba98de5", size = 17213, upload-time = "2024-02-02T16:30:18.251Z" },
    { url = "https://files.pythonhosted.org/packages/11/e7/291e55127bb2ae67c64d66cef01432b5933859dfb7d6949daa721b89d0b3/MarkupSafe-2.1.5-cp311-cp311-macosx_10_9_universal2.whl", hash = "sha256:629ddd2ca402ae6dbedfceeba9c46d5f7b2a61d9749597d4307f943ef198fc1f", size = 18219, upload-time = "2024-02-02T16:30:19.988Z" },
    { url = "https://files.pythonhosted.org/packages/6b/cb/aed7a284c00dfa7c0682d14df85ad4955a350a21d2e3b06d8240497359bf/MarkupSafe-2.1.5-cp311-cp311-macosx_10_9_x86_64.whl", hash = "sha256:5b7b716f97b52c5a14bffdf688f971b2d5ef4029127f1ad7a513973cfd818df2", size = 14098, upload-time = "2024-02-02T16:30:21.063Z" },
    { url = "https://files.pythonhosted.org/packages/1c/cf/35fe557e53709e93feb65575c93927942087e9b97213eabc3fe9d5b25a55/MarkupSafe-2.1.5-cp311-cp311-manylinux_2_17_aarch64.manylinux2014_aarch64.whl", hash = "sha256:6ec585f69cec0aa07d945b20805be741395e28ac1627333b1c5b0105962ffced", size = 29014, upload-time = "2024-02-02T16:30:22.926Z" },
    { url = "https://files.pythonhosted.org/packages/97/18/c30da5e7a0e7f4603abfc6780574131221d9148f323752c2755d48abad30/MarkupSafe-2.1.5-cp311-cp311-manylinux_2_17_x86_64.manylinux2014_x86_64.whl", hash = "sha256:b91c037585eba9095565a3556f611e3cbfaa42ca1e865f7b8015fe5c7336d5a5", size = 28220, upload-time = "2024-02-02T16:30:24.76Z" },
    { url = "https://files.pythonhosted.org/packages/0c/40/2e73e7d532d030b1e41180807a80d564eda53babaf04d65e15c1cf897e40/MarkupSafe-2.1.5-cp311-cp311-manylinux_2_5_i686.manylinux1_i686.manylinux_2_17_i686.manylinux2014_i686.whl", hash = "sha256:7502934a33b54030eaf1194c21c692a534196063db72176b0c4028e140f8f32c", size = 27756, upload-time = "2024-02-02T16:30:25.877Z" },
    { url = "https://files.pythonhosted.org/packages/18/46/5dca760547e8c59c5311b332f70605d24c99d1303dd9a6e1fc3ed0d73561/MarkupSafe-2.1.5-cp311-cp311-musllinux_1_1_aarch64.whl", hash = "sha256:0e397ac966fdf721b2c528cf028494e86172b4feba51d65f81ffd65c63798f3f", size = 33988, upload-time = "2024-02-02T16:30:26.935Z" },
    { url = "https://files.pythonhosted.org/packages/6d/c5/27febe918ac36397919cd4a67d5579cbbfa8da027fa1238af6285bb368ea/MarkupSafe-2.1.5-cp311-cp311-musllinux_1_1_i686.whl", hash = "sha256:c061bb86a71b42465156a3ee7bd58c8c2ceacdbeb95d05a99893e08b8467359a", size = 32718, upload-time = "2024-02-02T16:30:28.111Z" },
    { url = "https://files.pythonhosted.org/packages/f8/81/56e567126a2c2bc2684d6391332e357589a96a76cb9f8e5052d85cb0ead8/MarkupSafe-2.1.5-cp311-cp311-musllinux_1_1_x86_64.whl", hash = "sha256:3a57fdd7ce31c7ff06cdfbf31dafa96cc533c21e443d57f5b1ecc6cdc668ec7f", size = 33317, upload-time = "2024-02-02T16:30:29.214Z" },
    { url = "https://files.pythonhosted.org/packages/00/0b/23f4b2470accb53285c613a3ab9ec19dc944eaf53592cb6d9e2af8aa24cc/MarkupSafe-2.1.5-cp311-cp311-win32.whl", hash = "sha256:397081c1a0bfb5124355710fe79478cdbeb39626492b15d399526ae53422b906", size = 16670, upload-time = "2024-02-02T16:30:30.915Z" },
    { url = "https://files.pythonhosted.org/packages/b7/a2/c78a06a9ec6d04b3445a949615c4c7ed86a0b2eb68e44e7541b9d57067cc/MarkupSafe-2.1.5-cp311-cp311-win_amd64.whl", hash = "sha256:2b7c57a4dfc4f16f7142221afe5ba4e093e09e728ca65c51f5620c9aaeb9a617", size = 17224, upload-time = "2024-02-02T16:30:32.09Z" },
    { url = "https://files.pythonhosted.org/packages/53/bd/583bf3e4c8d6a321938c13f49d44024dbe5ed63e0a7ba127e454a66da974/MarkupSafe-2.1.5-cp312-cp312-macosx_10_9_universal2.whl", hash = "sha256:8dec4936e9c3100156f8a2dc89c4b88d5c435175ff03413b443469c7c8c5f4d1", size = 18215, upload-time = "2024-02-02T16:30:33.081Z" },
    { url = "https://files.pythonhosted.org/packages/48/d6/e7cd795fc710292c3af3a06d80868ce4b02bfbbf370b7cee11d282815a2a/MarkupSafe-2.1.5-cp312-cp312-macosx_10_9_x86_64.whl", hash = "sha256:3c6b973f22eb18a789b1460b4b91bf04ae3f0c4234a0a6aa6b0a92f6f7b951d4", size = 14069, upload-time = "2024-02-02T16:30:34.148Z" },
    { url = "https://files.pythonhosted.org/packages/51/b5/5d8ec796e2a08fc814a2c7d2584b55f889a55cf17dd1a90f2beb70744e5c/MarkupSafe-2.1.5-cp312-cp312-manylinux_2_17_aarch64.manylinux2014_aarch64.whl", hash = "sha256:ac07bad82163452a6884fe8fa0963fb98c2346ba78d779ec06bd7a6262132aee", size = 29452, upload-time = "2024-02-02T16:30:35.149Z" },
    { url = "https://files.pythonhosted.org/packages/0a/0d/2454f072fae3b5a137c119abf15465d1771319dfe9e4acbb31722a0fff91/MarkupSafe-2.1.5-cp312-cp312-manylinux_2_17_x86_64.manylinux2014_x86_64.whl", hash = "sha256:f5dfb42c4604dddc8e4305050aa6deb084540643ed5804d7455b5df8fe16f5e5", size = 28462, upload-time = "2024-02-02T16:30:36.166Z" },
    { url = "https://files.pythonhosted.org/packages/2d/75/fd6cb2e68780f72d47e6671840ca517bda5ef663d30ada7616b0462ad1e3/MarkupSafe-2.1.5-cp312-cp312-manylinux_2_5_i686.manylinux1_i686.manylinux_2_17_i686.manylinux2014_i686.whl", hash = "sha256:ea3d8a3d18833cf4304cd2fc9cbb1efe188ca9b5efef2bdac7adc20594a0e46b", size = 27869, upload-time = "2024-02-02T16:30:37.834Z" },
    { url = "https://files.pythonhosted.org/packages/b0/81/147c477391c2750e8fc7705829f7351cf1cd3be64406edcf900dc633feb2/MarkupSafe-2.1.5-cp312-cp312-musllinux_1_1_aarch64.whl", hash = "sha256:d050b3361367a06d752db6ead6e7edeb0009be66bc3bae0ee9d97fb326badc2a", size = 33906, upload-time = "2024-02-02T16:30:39.366Z" },
    { url = "https://files.pythonhosted.org/packages/8b/ff/9a52b71839d7a256b563e85d11050e307121000dcebc97df120176b3ad93/MarkupSafe-2.1.5-cp312-cp312-musllinux_1_1_i686.whl", hash = "sha256:bec0a414d016ac1a18862a519e54b2fd0fc8bbfd6890376898a6c0891dd82e9f", size = 32296, upload-time = "2024-02-02T16:30:40.413Z" },
    { url = "https://files.pythonhosted.org/packages/88/07/2dc76aa51b481eb96a4c3198894f38b480490e834479611a4053fbf08623/MarkupSafe-2.1.5-cp312-cp312-musllinux_1_1_x86_64.whl", hash = "sha256:58c98fee265677f63a4385256a6d7683ab1832f3ddd1e66fe948d5880c21a169", size = 33038, upload-time = "2024-02-02T16:30:42.243Z" },
    { url = "https://files.pythonhosted.org/packages/96/0c/620c1fb3661858c0e37eb3cbffd8c6f732a67cd97296f725789679801b31/MarkupSafe-2.1.5-cp312-cp312-win32.whl", hash = "sha256:8590b4ae07a35970728874632fed7bd57b26b0102df2d2b233b6d9d82f6c62ad", size = 16572, upload-time = "2024-02-02T16:30:43.326Z" },
    { url = "https://files.pythonhosted.org/packages/3f/14/c3554d512d5f9100a95e737502f4a2323a1959f6d0d01e0d0997b35f7b10/MarkupSafe-2.1.5-cp312-cp312-win_amd64.whl", hash = "sha256:823b65d8706e32ad2df51ed89496147a42a2a6e01c13cfb6ffb8b1e92bc910bb", size = 17127, upload-time = "2024-02-02T16:30:44.418Z" },
    { url = "https://files.pythonhosted.org/packages/f8/ff/2c942a82c35a49df5de3a630ce0a8456ac2969691b230e530ac12314364c/MarkupSafe-2.1.5-cp38-cp38-macosx_10_9_universal2.whl", hash = "sha256:656f7526c69fac7f600bd1f400991cc282b417d17539a1b228617081106feb4a", size = 18192, upload-time = "2024-02-02T16:30:57.715Z" },
    { url = "https://files.pythonhosted.org/packages/4f/14/6f294b9c4f969d0c801a4615e221c1e084722ea6114ab2114189c5b8cbe0/MarkupSafe-2.1.5-cp38-cp38-macosx_10_9_x86_64.whl", hash = "sha256:97cafb1f3cbcd3fd2b6fbfb99ae11cdb14deea0736fc2b0952ee177f2b813a46", size = 14072, upload-time = "2024-02-02T16:30:58.844Z" },
    { url = "https://files.pythonhosted.org/packages/81/d4/fd74714ed30a1dedd0b82427c02fa4deec64f173831ec716da11c51a50aa/MarkupSafe-2.1.5-cp38-cp38-manylinux_2_17_aarch64.manylinux2014_aarch64.whl", hash = "sha256:1f3fbcb7ef1f16e48246f704ab79d79da8a46891e2da03f8783a5b6fa41a9532", size = 26928, upload-time = "2024-02-02T16:30:59.922Z" },
    { url = "https://files.pythonhosted.org/packages/c7/bd/50319665ce81bb10e90d1cf76f9e1aa269ea6f7fa30ab4521f14d122a3df/MarkupSafe-2.1.5-cp38-cp38-manylinux_2_17_x86_64.manylinux2014_x86_64.whl", hash = "sha256:fa9db3f79de01457b03d4f01b34cf91bc0048eb2c3846ff26f66687c2f6d16ab", size = 26106, upload-time = "2024-02-02T16:31:01.582Z" },
    { url = "https://files.pythonhosted.org/packages/4c/6f/f2b0f675635b05f6afd5ea03c094557bdb8622fa8e673387444fe8d8e787/MarkupSafe-2.1.5-cp38-cp38-manylinux_2_5_i686.manylinux1_i686.manylinux_2_17_i686.manylinux2014_i686.whl", hash = "sha256:ffee1f21e5ef0d712f9033568f8344d5da8cc2869dbd08d87c84656e6a2d2f68", size = 25781, upload-time = "2024-02-02T16:31:02.71Z" },
    { url = "https://files.pythonhosted.org/packages/51/e0/393467cf899b34a9d3678e78961c2c8cdf49fb902a959ba54ece01273fb1/MarkupSafe-2.1.5-cp38-cp38-musllinux_1_1_aarch64.whl", hash = "sha256:5dedb4db619ba5a2787a94d877bc8ffc0566f92a01c0ef214865e54ecc9ee5e0", size = 30518, upload-time = "2024-02-02T16:31:04.392Z" },
    { url = "https://files.pythonhosted.org/packages/f6/02/5437e2ad33047290dafced9df741d9efc3e716b75583bbd73a9984f1b6f7/MarkupSafe-2.1.5-cp38-cp38-musllinux_1_1_i686.whl", hash = "sha256:30b600cf0a7ac9234b2638fbc0fb6158ba5bdcdf46aeb631ead21248b9affbc4", size = 29669, upload-time = "2024-02-02T16:31:05.53Z" },
    { url = "https://files.pythonhosted.org/packages/0e/7d/968284145ffd9d726183ed6237c77938c021abacde4e073020f920e060b2/MarkupSafe-2.1.5-cp38-cp38-musllinux_1_1_x86_64.whl", hash = "sha256:8dd717634f5a044f860435c1d8c16a270ddf0ef8588d4887037c5028b859b0c3", size = 29933, upload-time = "2024-02-02T16:31:06.636Z" },
    { url = "https://files.pythonhosted.org/packages/bf/f3/ecb00fc8ab02b7beae8699f34db9357ae49d9f21d4d3de6f305f34fa949e/MarkupSafe-2.1.5-cp38-cp38-win32.whl", hash = "sha256:daa4ee5a243f0f20d528d939d06670a298dd39b1ad5f8a72a4275124a7819eff", size = 16656, upload-time = "2024-02-02T16:31:07.767Z" },
    { url = "https://files.pythonhosted.org/packages/92/21/357205f03514a49b293e214ac39de01fadd0970a6e05e4bf1ddd0ffd0881/MarkupSafe-2.1.5-cp38-cp38-win_amd64.whl", hash = "sha256:619bc166c4f2de5caa5a633b8b7326fbe98e0ccbfacabd87268a2b15ff73a029", size = 17206, upload-time = "2024-02-02T16:31:08.843Z" },
    { url = "https://files.pythonhosted.org/packages/0f/31/780bb297db036ba7b7bbede5e1d7f1e14d704ad4beb3ce53fb495d22bc62/MarkupSafe-2.1.5-cp39-cp39-macosx_10_9_universal2.whl", hash = "sha256:7a68b554d356a91cce1236aa7682dc01df0edba8d043fd1ce607c49dd3c1edcf", size = 18193, upload-time = "2024-02-02T16:31:10.155Z" },
    { url = "https://files.pythonhosted.org/packages/6c/77/d77701bbef72892affe060cdacb7a2ed7fd68dae3b477a8642f15ad3b132/MarkupSafe-2.1.5-cp39-cp39-macosx_10_9_x86_64.whl", hash = "sha256:db0b55e0f3cc0be60c1f19efdde9a637c32740486004f20d1cff53c3c0ece4d2", size = 14073, upload-time = "2024-02-02T16:31:11.442Z" },
    { url = "https://files.pythonhosted.org/packages/d9/a7/1e558b4f78454c8a3a0199292d96159eb4d091f983bc35ef258314fe7269/MarkupSafe-2.1.5-cp39-cp39-manylinux_2_17_aarch64.manylinux2014_aarch64.whl", hash = "sha256:3e53af139f8579a6d5f7b76549125f0d94d7e630761a2111bc431fd820e163b8", size = 26486, upload-time = "2024-02-02T16:31:12.488Z" },
    { url = "https://files.pythonhosted.org/packages/5f/5a/360da85076688755ea0cceb92472923086993e86b5613bbae9fbc14136b0/MarkupSafe-2.1.5-cp39-cp39-manylinux_2_17_x86_64.manylinux2014_x86_64.whl", hash = "sha256:17b950fccb810b3293638215058e432159d2b71005c74371d784862b7e4683f3", size = 25685, upload-time = "2024-02-02T16:31:13.726Z" },
    { url = "https://files.pythonhosted.org/packages/6a/18/ae5a258e3401f9b8312f92b028c54d7026a97ec3ab20bfaddbdfa7d8cce8/MarkupSafe-2.1.5-cp39-cp39-manylinux_2_5_i686.manylinux1_i686.manylinux_2_17_i686.manylinux2014_i686.whl", hash = "sha256:4c31f53cdae6ecfa91a77820e8b151dba54ab528ba65dfd235c80b086d68a465", size = 25338, upload-time = "2024-02-02T16:31:14.812Z" },
    { url = "https://files.pythonhosted.org/packages/0b/cc/48206bd61c5b9d0129f4d75243b156929b04c94c09041321456fd06a876d/MarkupSafe-2.1.5-cp39-cp39-musllinux_1_1_aarch64.whl", hash = "sha256:bff1b4290a66b490a2f4719358c0cdcd9bafb6b8f061e45c7a2460866bf50c2e", size = 30439, upload-time = "2024-02-02T16:31:15.946Z" },
    { url = "https://files.pythonhosted.org/packages/d1/06/a41c112ab9ffdeeb5f77bc3e331fdadf97fa65e52e44ba31880f4e7f983c/MarkupSafe-2.1.5-cp39-cp39-musllinux_1_1_i686.whl", hash = "sha256:bc1667f8b83f48511b94671e0e441401371dfd0f0a795c7daa4a3cd1dde55bea", size = 29531, upload-time = "2024-02-02T16:31:17.13Z" },
    { url = "https://files.pythonhosted.org/packages/02/8c/ab9a463301a50dab04d5472e998acbd4080597abc048166ded5c7aa768c8/MarkupSafe-2.1.5-cp39-cp39-musllinux_1_1_x86_64.whl", hash = "sha256:5049256f536511ee3f7e1b3f87d1d1209d327e818e6ae1365e8653d7e3abb6a6", size = 29823, upload-time = "2024-02-02T16:31:18.247Z" },
    { url = "https://files.pythonhosted.org/packages/bc/29/9bc18da763496b055d8e98ce476c8e718dcfd78157e17f555ce6dd7d0895/MarkupSafe-2.1.5-cp39-cp39-win32.whl", hash = "sha256:00e046b6dd71aa03a41079792f8473dc494d564611a8f89bbbd7cb93295ebdcf", size = 16658, upload-time = "2024-02-02T16:31:19.583Z" },
    { url = "https://files.pythonhosted.org/packages/f6/f8/4da07de16f10551ca1f640c92b5f316f9394088b183c6a57183df6de5ae4/MarkupSafe-2.1.5-cp39-cp39-win_amd64.whl", hash = "sha256:fa173ec60341d6bb97a89f5ea19c85c5643c1e7dedebc22f5181eb73573142c5", size = 17211, upload-time = "2024-02-02T16:31:20.96Z" },
]

[[package]]
name = "mdit-py-plugins"
version = "0.4.1"
source = { registry = "https://pypi.org/simple" }
dependencies = [
    { name = "markdown-it-py" },
]
sdist = { url = "https://files.pythonhosted.org/packages/00/6c/79c52651b22b64dba5c7bbabd7a294cc410bfb2353250dc8ade44d7d8ad8/mdit_py_plugins-0.4.1.tar.gz", hash = "sha256:834b8ac23d1cd60cec703646ffd22ae97b7955a6d596eb1d304be1e251ae499c", size = 42713, upload-time = "2024-05-12T20:16:20.978Z" }
wheels = [
    { url = "https://files.pythonhosted.org/packages/ef/f7/8a4dcea720a581e69ac8c5a38524baf0e3e2bb5f3819a9ff661464fe7d10/mdit_py_plugins-0.4.1-py3-none-any.whl", hash = "sha256:1020dfe4e6bfc2c79fb49ae4e3f5b297f5ccd20f010187acc52af2921e27dc6a", size = 54794, upload-time = "2024-05-12T20:16:18.062Z" },
]

[[package]]
name = "mdurl"
version = "0.1.2"
source = { registry = "https://pypi.org/simple" }
sdist = { url = "https://files.pythonhosted.org/packages/d6/54/cfe61301667036ec958cb99bd3efefba235e65cdeb9c84d24a8293ba1d90/mdurl-0.1.2.tar.gz", hash = "sha256:bb413d29f5eea38f31dd4754dd7377d4465116fb207585f97bf925588687c1ba", size = 8729, upload-time = "2022-08-14T12:40:10.846Z" }
wheels = [
    { url = "https://files.pythonhosted.org/packages/b3/38/89ba8ad64ae25be8de66a6d463314cf1eb366222074cfda9ee839c56a4b4/mdurl-0.1.2-py3-none-any.whl", hash = "sha256:84008a41e51615a49fc9966191ff91509e3c40b939176e643fd50a5c2196b8f8", size = 9979, upload-time = "2022-08-14T12:40:09.779Z" },
]

[[package]]
name = "plin-linux"
version = "0.0.3"
source = { registry = "https://pypi.org/simple" }
dependencies = [
    { name = "ioctl-opt" },
]
sdist = { url = "https://files.pythonhosted.org/packages/85/5e/8a0bf6ab6837e52d38074a642889571cb2d88c80ae2255cff051711346cd/plin_linux-0.0.3.tar.gz", hash = "sha256:1425963aaf87f604eea54b8b8acba9d2caeea5493cecda80dccd75607f9cf9d5", size = 14000, upload-time = "2024-04-30T00:34:00.835Z" }
wheels = [
    { url = "https://files.pythonhosted.org/packages/e0/f9/a913c34b15adcb58112340df34cf49a6bec9d044ea302ff0068c50cab8a7/plin_linux-0.0.3-py3-none-any.whl", hash = "sha256:780b34f9abfcd7c1674f4fd6fa2894bdf8af60632e60c1a0c46da1eae2d35705", size = 13980, upload-time = "2024-04-30T00:33:59.179Z" },
]

[[package]]
name = "plintools"
version = "0.1.0"
source = { editable = "." }
dependencies = [
    { name = "ldfparser" },
    { name = "plin-linux" },
    { name = "textual" },
]

[package.metadata]
requires-dist = [
    { name = "ldfparser", specifier = ">=0.25.0,<0.26" },
    { name = "plin-linux", specifier = ">=0.0.3,<0.0.4" },
    { name = "textual", specifier = ">=0.78.0,<0.79" },
]

[[package]]
name = "pygments"
version = "2.18.0"
source = { registry = "https://pypi.org/simple" }
sdist = { url = "https://files.pythonhosted.org/packages/8e/62/8336eff65bcbc8e4cb5d05b55faf041285951b6e80f33e2bff2024788f31/pygments-2.18.0.tar.gz", hash = "sha256:786ff802f32e91311bff3889f6e9a86e81505fe99f2735bb6d60ae0c5004f199", size = 4891905, upload-time = "2024-05-04T13:42:02.013Z" }
wheels = [
    { url = "https://files.pythonhosted.org/packages/f7/3f/01c8b82017c199075f8f788d0d906b9ffbbc5a47dc9918a945e13d5a2bda/pygments-2.18.0-py3-none-any.whl", hash = "sha256:b8e6aca0523f3ab76fee51799c488e38782ac06eafcf95e7ba832985c8e7b13a", size = 1205513, upload-time = "2024-05-04T13:41:57.345Z" },
]

[[package]]
name = "rich"
version = "13.8.0"
source = { registry = "https://pypi.org/simple" }
dependencies = [
    { name = "markdown-it-py" },
    { name = "pygments" },
    { name = "typing-extensions", marker = "python_full_version < '3.9'" },
]
sdist = { url = "https://files.pythonhosted.org/packages/cf/60/5959113cae0ce512cf246a6871c623117330105a0d5f59b4e26138f2c9cc/rich-13.8.0.tar.gz", hash = "sha256:a5ac1f1cd448ade0d59cc3356f7db7a7ccda2c8cbae9c7a90c28ff463d3e91f4", size = 222072, upload-time = "2024-08-26T16:12:27.073Z" }
wheels = [
    { url = "https://files.pythonhosted.org/packages/c7/d9/c2a126eeae791e90ea099d05cb0515feea3688474b978343f3cdcfe04523/rich-13.8.0-py3-none-any.whl", hash = "sha256:2e85306a063b9492dffc86278197a60cbece75bcb766022f3436f567cae11bdc", size = 241597, upload-time = "2024-08-26T16:12:25.449Z" },
]

[[package]]
name = "textual"
version = "0.78.0"
source = { registry = "https://pypi.org/simple" }
dependencies = [
    { name = "markdown-it-py", extra = ["linkify", "plugins"] },
    { name = "rich" },
    { name = "typing-extensions" },
]
sdist = { url = "https://files.pythonhosted.org/packages/9c/65/0feb87888b582d4d6cd8ab5cf23f36e711894db33d91a4282311c05fc870/textual-0.78.0.tar.gz", hash = "sha256:421f508b0d41ea0b8ecf273bf83f0d19376667eb0a87f70575252395d90ab315", size = 1354115, upload-time = "2024-08-27T12:19:02.872Z" }
wheels = [
    { url = "https://files.pythonhosted.org/packages/69/68/0b99efe3f61d0b65de3b1f0db6889c2386db88a4d6b8ca2ed2adc5982f77/textual-0.78.0-py3-none-any.whl", hash = "sha256:c9d3c7dc467c37ee2e54a0283ac2c85dac35e4fc949518ed054a65b8e3e9b822", size = 574745, upload-time = "2024-08-27T12:19:00.881Z" },
]

[[package]]
name = "typing-extensions"
version = "4.12.2"
source = { registry = "https://pypi.org/simple" }
sdist = { url = "https://files.pythonhosted.org/packages/df/db/f35a00659bc03fec321ba8bce9420de607a1d37f8342eee1863174c69557/typing_extensions-4.12.2.tar.gz", hash = "sha256:1a7ead55c7e559dd4dee8856e3a88b41225abfe1ce8df57b7c13915fe121ffb8", size = 85321, upload-time = "2024-06-07T18:52:15.995Z" }
wheels = [
    { url = "https://files.pythonhosted.org/packages/26/9f/ad63fc0248c5379346306f8668cda6e2e2e9c95e01216d2b8ffd9ff037d0/typing_extensions-4.12.2-py3-none-any.whl", hash = "sha256:04e5ca0351e0f3f85c6853954072df659d0d13fac324d0072316b67d7794700d", size = 37438, upload-time = "2024-06-07T18:52:13.582Z" },
]

[[package]]
name = "uc-micro-py"
version = "1.0.3"
source = { registry = "https://pypi.org/simple" }
sdist = { url = "https://files.pythonhosted.org/packages/91/7a/146a99696aee0609e3712f2b44c6274566bc368dfe8375191278045186b8/uc-micro-py-1.0.3.tar.gz", hash = "sha256:d321b92cff673ec58027c04015fcaa8bb1e005478643ff4a500882eaab88c48a", size = 6043, upload-time = "2024-02-09T16:52:01.654Z" }
wheels = [
    { url = "https://files.pythonhosted.org/packages/37/87/1f677586e8ac487e29672e4b17455758fce261de06a0d086167bb760361a/uc_micro_py-1.0.3-py3-none-any.whl", hash = "sha256:db1dffff340817673d7b466ec86114a9dc0e9d4d9b5ba229d9d60e5c12600cd5", size = 6229, upload-time = "2024-02-09T16:52:00.371Z" },
]
